// !$*UTF8*$!
{
	archiveVersion = 1;
	classes = {
	};
	objectVersion = 56;
	objects = {

/* Begin PBXBuildFile section */
		3B31DF6C2C24CF6800BF12F9 /* AppDelegate.swift in Sources */ = {isa = PBXBuildFile; fileRef = 3B31DF6B2C24CF6800BF12F9 /* AppDelegate.swift */; };
		3B31DF6E2C24CF6800BF12F9 /* SceneDelegate.swift in Sources */ = {isa = PBXBuildFile; fileRef = 3B31DF6D2C24CF6800BF12F9 /* SceneDelegate.swift */; };
		3B31DF702C24CF6800BF12F9 /* RPTabBarController.swift in Sources */ = {isa = PBXBuildFile; fileRef = 3B31DF6F2C24CF6800BF12F9 /* RPTabBarController.swift */; };
		3B31DF752C24CF6A00BF12F9 /* Assets.xcassets in Resources */ = {isa = PBXBuildFile; fileRef = 3B31DF742C24CF6A00BF12F9 /* Assets.xcassets */; };
		3B31DF782C24CF6A00BF12F9 /* Base in Resources */ = {isa = PBXBuildFile; fileRef = 3B31DF772C24CF6A00BF12F9 /* Base */; };
		3B3C0E032C25F4C20016CA66 /* RPLocation.swift in Sources */ = {isa = PBXBuildFile; fileRef = 3B3C0E022C25F4C20016CA66 /* RPLocation.swift */; };
		3B3C0E052C25F4CE0016CA66 /* RPCharacter.swift in Sources */ = {isa = PBXBuildFile; fileRef = 3B3C0E042C25F4CE0016CA66 /* RPCharacter.swift */; };
		3B3C0E072C25F4DA0016CA66 /* RPEpisode.swift in Sources */ = {isa = PBXBuildFile; fileRef = 3B3C0E062C25F4DA0016CA66 /* RPEpisode.swift */; };
		3B3C0E0A2C25F5560016CA66 /* RPCharacterViewController.swift in Sources */ = {isa = PBXBuildFile; fileRef = 3B3C0E092C25F5560016CA66 /* RPCharacterViewController.swift */; };
		3B3C0E0C2C25F5A30016CA66 /* RPLocationViewController.swift in Sources */ = {isa = PBXBuildFile; fileRef = 3B3C0E0B2C25F5A30016CA66 /* RPLocationViewController.swift */; };
		3B3C0E0E2C25F5BC0016CA66 /* RPEpisodeViewController.swift in Sources */ = {isa = PBXBuildFile; fileRef = 3B3C0E0D2C25F5BC0016CA66 /* RPEpisodeViewController.swift */; };
		3B3C0E102C25F5CA0016CA66 /* RPSettingsViewController.swift in Sources */ = {isa = PBXBuildFile; fileRef = 3B3C0E0F2C25F5CA0016CA66 /* RPSettingsViewController.swift */; };
		3B3C0E122C2608080016CA66 /* RPService.swift in Sources */ = {isa = PBXBuildFile; fileRef = 3B3C0E112C2608080016CA66 /* RPService.swift */; };
		3B3C0E142C2608130016CA66 /* RPRequest.swift in Sources */ = {isa = PBXBuildFile; fileRef = 3B3C0E132C2608130016CA66 /* RPRequest.swift */; };
		3B3C0E162C26096F0016CA66 /* RPEndpoint.swift in Sources */ = {isa = PBXBuildFile; fileRef = 3B3C0E152C26096F0016CA66 /* RPEndpoint.swift */; };
		3B3C0E182C261B570016CA66 /* RPOrigin.swift in Sources */ = {isa = PBXBuildFile; fileRef = 3B3C0E172C261B570016CA66 /* RPOrigin.swift */; };
		3B3C0E1A2C261BA40016CA66 /* RPSingleLocation.swift in Sources */ = {isa = PBXBuildFile; fileRef = 3B3C0E192C261BA40016CA66 /* RPSingleLocation.swift */; };
		3B3C0E1C2C261F7C0016CA66 /* RPChararacterStatus.swift in Sources */ = {isa = PBXBuildFile; fileRef = 3B3C0E1B2C261F7C0016CA66 /* RPChararacterStatus.swift */; };
		3B3C0E1E2C261FB20016CA66 /* RPCharacterGender.swift in Sources */ = {isa = PBXBuildFile; fileRef = 3B3C0E1D2C261FB20016CA66 /* RPCharacterGender.swift */; };
		3B3C0E222C2739A20016CA66 /* RPGetAllCharactersResponse.swift in Sources */ = {isa = PBXBuildFile; fileRef = 3B3C0E212C2739A20016CA66 /* RPGetAllCharactersResponse.swift */; };
/* End PBXBuildFile section */

/* Begin PBXFileReference section */
		3B31DF682C24CF6800BF12F9 /* RenaissanceProject.app */ = {isa = PBXFileReference; explicitFileType = wrapper.application; includeInIndex = 0; path = RenaissanceProject.app; sourceTree = BUILT_PRODUCTS_DIR; };
		3B31DF6B2C24CF6800BF12F9 /* AppDelegate.swift */ = {isa = PBXFileReference; lastKnownFileType = sourcecode.swift; path = AppDelegate.swift; sourceTree = "<group>"; };
		3B31DF6D2C24CF6800BF12F9 /* SceneDelegate.swift */ = {isa = PBXFileReference; lastKnownFileType = sourcecode.swift; path = SceneDelegate.swift; sourceTree = "<group>"; xcLanguageSpecificationIdentifier = xcode.lang.simpleColoring; };
		3B31DF6F2C24CF6800BF12F9 /* RPTabBarController.swift */ = {isa = PBXFileReference; lastKnownFileType = sourcecode.swift; path = RPTabBarController.swift; sourceTree = "<group>"; };
		3B31DF742C24CF6A00BF12F9 /* Assets.xcassets */ = {isa = PBXFileReference; lastKnownFileType = folder.assetcatalog; path = Assets.xcassets; sourceTree = "<group>"; };
		3B31DF772C24CF6A00BF12F9 /* Base */ = {isa = PBXFileReference; lastKnownFileType = file.storyboard; name = Base; path = Base.lproj/LaunchScreen.storyboard; sourceTree = "<group>"; };
		3B31DF792C24CF6A00BF12F9 /* Info.plist */ = {isa = PBXFileReference; lastKnownFileType = text.plist.xml; path = Info.plist; sourceTree = "<group>"; };
		3B3C0E022C25F4C20016CA66 /* RPLocation.swift */ = {isa = PBXFileReference; lastKnownFileType = sourcecode.swift; path = RPLocation.swift; sourceTree = "<group>"; };
		3B3C0E042C25F4CE0016CA66 /* RPCharacter.swift */ = {isa = PBXFileReference; lastKnownFileType = sourcecode.swift; path = RPCharacter.swift; sourceTree = "<group>"; };
		3B3C0E062C25F4DA0016CA66 /* RPEpisode.swift */ = {isa = PBXFileReference; lastKnownFileType = sourcecode.swift; path = RPEpisode.swift; sourceTree = "<group>"; };
		3B3C0E092C25F5560016CA66 /* RPCharacterViewController.swift */ = {isa = PBXFileReference; lastKnownFileType = sourcecode.swift; path = RPCharacterViewController.swift; sourceTree = "<group>"; };
		3B3C0E0B2C25F5A30016CA66 /* RPLocationViewController.swift */ = {isa = PBXFileReference; lastKnownFileType = sourcecode.swift; path = RPLocationViewController.swift; sourceTree = "<group>"; };
		3B3C0E0D2C25F5BC0016CA66 /* RPEpisodeViewController.swift */ = {isa = PBXFileReference; lastKnownFileType = sourcecode.swift; path = RPEpisodeViewController.swift; sourceTree = "<group>"; };
		3B3C0E0F2C25F5CA0016CA66 /* RPSettingsViewController.swift */ = {isa = PBXFileReference; lastKnownFileType = sourcecode.swift; path = RPSettingsViewController.swift; sourceTree = "<group>"; };
		3B3C0E112C2608080016CA66 /* RPService.swift */ = {isa = PBXFileReference; lastKnownFileType = sourcecode.swift; path = RPService.swift; sourceTree = "<group>"; };
		3B3C0E132C2608130016CA66 /* RPRequest.swift */ = {isa = PBXFileReference; lastKnownFileType = sourcecode.swift; path = RPRequest.swift; sourceTree = "<group>"; };
		3B3C0E152C26096F0016CA66 /* RPEndpoint.swift */ = {isa = PBXFileReference; lastKnownFileType = sourcecode.swift; path = RPEndpoint.swift; sourceTree = "<group>"; };
		3B3C0E172C261B570016CA66 /* RPOrigin.swift */ = {isa = PBXFileReference; lastKnownFileType = sourcecode.swift; path = RPOrigin.swift; sourceTree = "<group>"; };
		3B3C0E192C261BA40016CA66 /* RPSingleLocation.swift */ = {isa = PBXFileReference; lastKnownFileType = sourcecode.swift; path = RPSingleLocation.swift; sourceTree = "<group>"; };
		3B3C0E1B2C261F7C0016CA66 /* RPChararacterStatus.swift */ = {isa = PBXFileReference; lastKnownFileType = sourcecode.swift; path = RPChararacterStatus.swift; sourceTree = "<group>"; };
		3B3C0E1D2C261FB20016CA66 /* RPCharacterGender.swift */ = {isa = PBXFileReference; lastKnownFileType = sourcecode.swift; path = RPCharacterGender.swift; sourceTree = "<group>"; };
		3B3C0E212C2739A20016CA66 /* RPGetAllCharactersResponse.swift */ = {isa = PBXFileReference; lastKnownFileType = sourcecode.swift; path = RPGetAllCharactersResponse.swift; sourceTree = "<group>"; };
/* End PBXFileReference section */

/* Begin PBXFrameworksBuildPhase section */
		3B31DF652C24CF6800BF12F9 /* Frameworks */ = {
			isa = PBXFrameworksBuildPhase;
			buildActionMask = 2147483647;
			files = (
			);
			runOnlyForDeploymentPostprocessing = 0;
		};
/* End PBXFrameworksBuildPhase section */

/* Begin PBXGroup section */
		3B31DF5F2C24CF6800BF12F9 = {
			isa = PBXGroup;
			children = (
				3B31DF6A2C24CF6800BF12F9 /* RenaissanceProject */,
				3B31DF692C24CF6800BF12F9 /* Products */,
			);
			sourceTree = "<group>";
		};
		3B31DF692C24CF6800BF12F9 /* Products */ = {
			isa = PBXGroup;
			children = (
				3B31DF682C24CF6800BF12F9 /* RenaissanceProject.app */,
			);
			name = Products;
			sourceTree = "<group>";
		};
		3B31DF6A2C24CF6800BF12F9 /* RenaissanceProject */ = {
			isa = PBXGroup;
			children = (
				3B31DF6B2C24CF6800BF12F9 /* AppDelegate.swift */,
				3B31DF6D2C24CF6800BF12F9 /* SceneDelegate.swift */,
				3B31DF792C24CF6A00BF12F9 /* Info.plist */,
				3B3C0E012C25F3B10016CA66 /* Resources */,
				3B3C0E002C25F3AC0016CA66 /* Manager */,
				3B3C0DFF2C25F3A50016CA66 /* APIClient */,
				3B3C0DFE2C25F3890016CA66 /* ViewModels */,
				3B3C0DFD2C25F3800016CA66 /* Views */,
				3B3C0DFC2C25F37A0016CA66 /* Models */,
				3B3C0DFB2C25F3690016CA66 /* Controllers */,
			);
			path = RenaissanceProject;
			sourceTree = "<group>";
		};
		3B3C0DFB2C25F3690016CA66 /* Controllers */ = {
			isa = PBXGroup;
			children = (
				3B3C0E082C25F5300016CA66 /* Core */,
			);
			path = Controllers;
			sourceTree = "<group>";
		};
		3B3C0DFC2C25F37A0016CA66 /* Models */ = {
			isa = PBXGroup;
			children = (
				3B3C0E202C27397A0016CA66 /* APIResponseTypes */,
				3B3C0E1F2C2739650016CA66 /* DataTypes */,
			);
			path = Models;
			sourceTree = "<group>";
		};
		3B3C0DFD2C25F3800016CA66 /* Views */ = {
			isa = PBXGroup;
			children = (
			);
			path = Views;
			sourceTree = "<group>";
		};
		3B3C0DFE2C25F3890016CA66 /* ViewModels */ = {
			isa = PBXGroup;
			children = (
			);
			path = ViewModels;
			sourceTree = "<group>";
		};
		3B3C0DFF2C25F3A50016CA66 /* APIClient */ = {
			isa = PBXGroup;
			children = (
				3B3C0E112C2608080016CA66 /* RPService.swift */,
				3B3C0E132C2608130016CA66 /* RPRequest.swift */,
				3B3C0E152C26096F0016CA66 /* RPEndpoint.swift */,
			);
			path = APIClient;
			sourceTree = "<group>";
		};
		3B3C0E002C25F3AC0016CA66 /* Manager */ = {
			isa = PBXGroup;
			children = (
			);
			path = Manager;
			sourceTree = "<group>";
		};
		3B3C0E012C25F3B10016CA66 /* Resources */ = {
			isa = PBXGroup;
			children = (
				3B31DF742C24CF6A00BF12F9 /* Assets.xcassets */,
				3B31DF762C24CF6A00BF12F9 /* LaunchScreen.storyboard */,
			);
			path = Resources;
			sourceTree = "<group>";
		};
		3B3C0E082C25F5300016CA66 /* Core */ = {
			isa = PBXGroup;
			children = (
				3B31DF6F2C24CF6800BF12F9 /* RPTabBarController.swift */,
				3B3C0E092C25F5560016CA66 /* RPCharacterViewController.swift */,
				3B3C0E0B2C25F5A30016CA66 /* RPLocationViewController.swift */,
				3B3C0E0D2C25F5BC0016CA66 /* RPEpisodeViewController.swift */,
				3B3C0E0F2C25F5CA0016CA66 /* RPSettingsViewController.swift */,
			);
			path = Core;
			sourceTree = "<group>";
		};
		3B3C0E1F2C2739650016CA66 /* DataTypes */ = {
			isa = PBXGroup;
			children = (
				3B3C0E022C25F4C20016CA66 /* RPLocation.swift */,
				3B3C0E062C25F4DA0016CA66 /* RPEpisode.swift */,
				3B3C0E042C25F4CE0016CA66 /* RPCharacter.swift */,
				3B3C0E1B2C261F7C0016CA66 /* RPChararacterStatus.swift */,
				3B3C0E1D2C261FB20016CA66 /* RPCharacterGender.swift */,
				3B3C0E192C261BA40016CA66 /* RPSingleLocation.swift */,
				3B3C0E172C261B570016CA66 /* RPOrigin.swift */,
			);
			path = DataTypes;
			sourceTree = "<group>";
		};
		3B3C0E202C27397A0016CA66 /* APIResponseTypes */ = {
			isa = PBXGroup;
			children = (
				3B3C0E212C2739A20016CA66 /* RPGetAllCharactersResponse.swift */,
			);
			path = APIResponseTypes;
			sourceTree = "<group>";
		};
/* End PBXGroup section */

/* Begin PBXNativeTarget section */
		3B31DF672C24CF6800BF12F9 /* RenaissanceProject */ = {
			isa = PBXNativeTarget;
			buildConfigurationList = 3B31DF7C2C24CF6A00BF12F9 /* Build configuration list for PBXNativeTarget "RenaissanceProject" */;
			buildPhases = (
				3B31DF642C24CF6800BF12F9 /* Sources */,
				3B31DF652C24CF6800BF12F9 /* Frameworks */,
				3B31DF662C24CF6800BF12F9 /* Resources */,
			);
			buildRules = (
			);
			dependencies = (
			);
			name = RenaissanceProject;
			productName = RenaissanceProject;
			productReference = 3B31DF682C24CF6800BF12F9 /* RenaissanceProject.app */;
			productType = "com.apple.product-type.application";
		};
/* End PBXNativeTarget section */

/* Begin PBXProject section */
		3B31DF602C24CF6800BF12F9 /* Project object */ = {
			isa = PBXProject;
			attributes = {
				BuildIndependentTargetsInParallel = 1;
				LastSwiftUpdateCheck = 1540;
				LastUpgradeCheck = 1540;
				TargetAttributes = {
					3B31DF672C24CF6800BF12F9 = {
						CreatedOnToolsVersion = 15.4;
					};
				};
			};
			buildConfigurationList = 3B31DF632C24CF6800BF12F9 /* Build configuration list for PBXProject "RenaissanceProject" */;
			compatibilityVersion = "Xcode 14.0";
			developmentRegion = en;
			hasScannedForEncodings = 0;
			knownRegions = (
				en,
				Base,
			);
			mainGroup = 3B31DF5F2C24CF6800BF12F9;
			productRefGroup = 3B31DF692C24CF6800BF12F9 /* Products */;
			projectDirPath = "";
			projectRoot = "";
			targets = (
				3B31DF672C24CF6800BF12F9 /* RenaissanceProject */,
			);
		};
/* End PBXProject section */

/* Begin PBXResourcesBuildPhase section */
		3B31DF662C24CF6800BF12F9 /* Resources */ = {
			isa = PBXResourcesBuildPhase;
			buildActionMask = 2147483647;
			files = (
				3B31DF752C24CF6A00BF12F9 /* Assets.xcassets in Resources */,
				3B31DF782C24CF6A00BF12F9 /* Base in Resources */,
			);
			runOnlyForDeploymentPostprocessing = 0;
		};
/* End PBXResourcesBuildPhase section */

/* Begin PBXSourcesBuildPhase section */
		3B31DF642C24CF6800BF12F9 /* Sources */ = {
			isa = PBXSourcesBuildPhase;
			buildActionMask = 2147483647;
			files = (
				3B3C0E222C2739A20016CA66 /* RPGetAllCharactersResponse.swift in Sources */,
				3B31DF702C24CF6800BF12F9 /* RPTabBarController.swift in Sources */,
				3B3C0E052C25F4CE0016CA66 /* RPCharacter.swift in Sources */,
				3B3C0E0E2C25F5BC0016CA66 /* RPEpisodeViewController.swift in Sources */,
				3B3C0E1A2C261BA40016CA66 /* RPSingleLocation.swift in Sources */,
				3B31DF6C2C24CF6800BF12F9 /* AppDelegate.swift in Sources */,
				3B3C0E0C2C25F5A30016CA66 /* RPLocationViewController.swift in Sources */,
				3B3C0E1E2C261FB20016CA66 /* RPCharacterGender.swift in Sources */,
				3B3C0E142C2608130016CA66 /* RPRequest.swift in Sources */,
				3B3C0E162C26096F0016CA66 /* RPEndpoint.swift in Sources */,
				3B3C0E032C25F4C20016CA66 /* RPLocation.swift in Sources */,
				3B3C0E122C2608080016CA66 /* RPService.swift in Sources */,
				3B3C0E1C2C261F7C0016CA66 /* RPChararacterStatus.swift in Sources */,
				3B31DF6E2C24CF6800BF12F9 /* SceneDelegate.swift in Sources */,
				3B3C0E102C25F5CA0016CA66 /* RPSettingsViewController.swift in Sources */,
				3B3C0E182C261B570016CA66 /* RPOrigin.swift in Sources */,
				3B3C0E072C25F4DA0016CA66 /* RPEpisode.swift in Sources */,
				3B3C0E0A2C25F5560016CA66 /* RPCharacterViewController.swift in Sources */,
			);
			runOnlyForDeploymentPostprocessing = 0;
		};
/* End PBXSourcesBuildPhase section */

/* Begin PBXVariantGroup section */
		3B31DF762C24CF6A00BF12F9 /* LaunchScreen.storyboard */ = {
			isa = PBXVariantGroup;
			children = (
				3B31DF772C24CF6A00BF12F9 /* Base */,
			);
			name = LaunchScreen.storyboard;
			sourceTree = "<group>";
		};
/* End PBXVariantGroup section */

/* Begin XCBuildConfiguration section */
		3B31DF7A2C24CF6A00BF12F9 /* Debug */ = {
			isa = XCBuildConfiguration;
			buildSettings = {
				ALWAYS_SEARCH_USER_PATHS = NO;
				ASSETCATALOG_COMPILER_GENERATE_SWIFT_ASSET_SYMBOL_EXTENSIONS = YES;
				CLANG_ANALYZER_NONNULL = YES;
				CLANG_ANALYZER_NUMBER_OBJECT_CONVERSION = YES_AGGRESSIVE;
				CLANG_CXX_LANGUAGE_STANDARD = "gnu++20";
				CLANG_ENABLE_MODULES = YES;
				CLANG_ENABLE_OBJC_ARC = YES;
				CLANG_ENABLE_OBJC_WEAK = YES;
				CLANG_WARN_BLOCK_CAPTURE_AUTORELEASING = YES;
				CLANG_WARN_BOOL_CONVERSION = YES;
				CLANG_WARN_COMMA = YES;
				CLANG_WARN_CONSTANT_CONVERSION = YES;
				CLANG_WARN_DEPRECATED_OBJC_IMPLEMENTATIONS = YES;
				CLANG_WARN_DIRECT_OBJC_ISA_USAGE = YES_ERROR;
				CLANG_WARN_DOCUMENTATION_COMMENTS = YES;
				CLANG_WARN_EMPTY_BODY = YES;
				CLANG_WARN_ENUM_CONVERSION = YES;
				CLANG_WARN_INFINITE_RECURSION = YES;
				CLANG_WARN_INT_CONVERSION = YES;
				CLANG_WARN_NON_LITERAL_NULL_CONVERSION = YES;
				CLANG_WARN_OBJC_IMPLICIT_RETAIN_SELF = YES;
				CLANG_WARN_OBJC_LITERAL_CONVERSION = YES;
				CLANG_WARN_OBJC_ROOT_CLASS = YES_ERROR;
				CLANG_WARN_QUOTED_INCLUDE_IN_FRAMEWORK_HEADER = YES;
				CLANG_WARN_RANGE_LOOP_ANALYSIS = YES;
				CLANG_WARN_STRICT_PROTOTYPES = YES;
				CLANG_WARN_SUSPICIOUS_MOVE = YES;
				CLANG_WARN_UNGUARDED_AVAILABILITY = YES_AGGRESSIVE;
				CLANG_WARN_UNREACHABLE_CODE = YES;
				CLANG_WARN__DUPLICATE_METHOD_MATCH = YES;
				COPY_PHASE_STRIP = NO;
				DEBUG_INFORMATION_FORMAT = dwarf;
				ENABLE_STRICT_OBJC_MSGSEND = YES;
				ENABLE_TESTABILITY = YES;
				ENABLE_USER_SCRIPT_SANDBOXING = YES;
				GCC_C_LANGUAGE_STANDARD = gnu17;
				GCC_DYNAMIC_NO_PIC = NO;
				GCC_NO_COMMON_BLOCKS = YES;
				GCC_OPTIMIZATION_LEVEL = 0;
				GCC_PREPROCESSOR_DEFINITIONS = (
					"DEBUG=1",
					"$(inherited)",
				);
				GCC_WARN_64_TO_32_BIT_CONVERSION = YES;
				GCC_WARN_ABOUT_RETURN_TYPE = YES_ERROR;
				GCC_WARN_UNDECLARED_SELECTOR = YES;
				GCC_WARN_UNINITIALIZED_AUTOS = YES_AGGRESSIVE;
				GCC_WARN_UNUSED_FUNCTION = YES;
				GCC_WARN_UNUSED_VARIABLE = YES;
				IPHONEOS_DEPLOYMENT_TARGET = 17.5;
				LOCALIZATION_PREFERS_STRING_CATALOGS = YES;
				MTL_ENABLE_DEBUG_INFO = INCLUDE_SOURCE;
				MTL_FAST_MATH = YES;
				ONLY_ACTIVE_ARCH = YES;
				SDKROOT = iphoneos;
				SWIFT_ACTIVE_COMPILATION_CONDITIONS = "DEBUG $(inherited)";
				SWIFT_OPTIMIZATION_LEVEL = "-Onone";
			};
			name = Debug;
		};
		3B31DF7B2C24CF6A00BF12F9 /* Release */ = {
			isa = XCBuildConfiguration;
			buildSettings = {
				ALWAYS_SEARCH_USER_PATHS = NO;
				ASSETCATALOG_COMPILER_GENERATE_SWIFT_ASSET_SYMBOL_EXTENSIONS = YES;
				CLANG_ANALYZER_NONNULL = YES;
				CLANG_ANALYZER_NUMBER_OBJECT_CONVERSION = YES_AGGRESSIVE;
				CLANG_CXX_LANGUAGE_STANDARD = "gnu++20";
				CLANG_ENABLE_MODULES = YES;
				CLANG_ENABLE_OBJC_ARC = YES;
				CLANG_ENABLE_OBJC_WEAK = YES;
				CLANG_WARN_BLOCK_CAPTURE_AUTORELEASING = YES;
				CLANG_WARN_BOOL_CONVERSION = YES;
				CLANG_WARN_COMMA = YES;
				CLANG_WARN_CONSTANT_CONVERSION = YES;
				CLANG_WARN_DEPRECATED_OBJC_IMPLEMENTATIONS = YES;
				CLANG_WARN_DIRECT_OBJC_ISA_USAGE = YES_ERROR;
				CLANG_WARN_DOCUMENTATION_COMMENTS = YES;
				CLANG_WARN_EMPTY_BODY = YES;
				CLANG_WARN_ENUM_CONVERSION = YES;
				CLANG_WARN_INFINITE_RECURSION = YES;
				CLANG_WARN_INT_CONVERSION = YES;
				CLANG_WARN_NON_LITERAL_NULL_CONVERSION = YES;
				CLANG_WARN_OBJC_IMPLICIT_RETAIN_SELF = YES;
				CLANG_WARN_OBJC_LITERAL_CONVERSION = YES;
				CLANG_WARN_OBJC_ROOT_CLASS = YES_ERROR;
				CLANG_WARN_QUOTED_INCLUDE_IN_FRAMEWORK_HEADER = YES;
				CLANG_WARN_RANGE_LOOP_ANALYSIS = YES;
				CLANG_WARN_STRICT_PROTOTYPES = YES;
				CLANG_WARN_SUSPICIOUS_MOVE = YES;
				CLANG_WARN_UNGUARDED_AVAILABILITY = YES_AGGRESSIVE;
				CLANG_WARN_UNREACHABLE_CODE = YES;
				CLANG_WARN__DUPLICATE_METHOD_MATCH = YES;
				COPY_PHASE_STRIP = NO;
				DEBUG_INFORMATION_FORMAT = "dwarf-with-dsym";
				ENABLE_NS_ASSERTIONS = NO;
				ENABLE_STRICT_OBJC_MSGSEND = YES;
				ENABLE_USER_SCRIPT_SANDBOXING = YES;
				GCC_C_LANGUAGE_STANDARD = gnu17;
				GCC_NO_COMMON_BLOCKS = YES;
				GCC_WARN_64_TO_32_BIT_CONVERSION = YES;
				GCC_WARN_ABOUT_RETURN_TYPE = YES_ERROR;
				GCC_WARN_UNDECLARED_SELECTOR = YES;
				GCC_WARN_UNINITIALIZED_AUTOS = YES_AGGRESSIVE;
				GCC_WARN_UNUSED_FUNCTION = YES;
				GCC_WARN_UNUSED_VARIABLE = YES;
				IPHONEOS_DEPLOYMENT_TARGET = 17.5;
				LOCALIZATION_PREFERS_STRING_CATALOGS = YES;
				MTL_ENABLE_DEBUG_INFO = NO;
				MTL_FAST_MATH = YES;
				SDKROOT = iphoneos;
				SWIFT_COMPILATION_MODE = wholemodule;
				VALIDATE_PRODUCT = YES;
			};
			name = Release;
		};
		3B31DF7D2C24CF6A00BF12F9 /* Debug */ = {
			isa = XCBuildConfiguration;
			buildSettings = {
				ASSETCATALOG_COMPILER_APPICON_NAME = AppIcon;
				ASSETCATALOG_COMPILER_GLOBAL_ACCENT_COLOR_NAME = AccentColor;
				CODE_SIGN_STYLE = Automatic;
				CURRENT_PROJECT_VERSION = 1;
				DEVELOPMENT_TEAM = NGA2X6V298;
				GENERATE_INFOPLIST_FILE = YES;
				INFOPLIST_FILE = RenaissanceProject/Info.plist;
				INFOPLIST_KEY_UIApplicationSupportsIndirectInputEvents = YES;
				INFOPLIST_KEY_UILaunchStoryboardName = LaunchScreen;
				INFOPLIST_KEY_UISupportedInterfaceOrientations_iPad = "UIInterfaceOrientationPortrait UIInterfaceOrientationPortraitUpsideDown UIInterfaceOrientationLandscapeLeft UIInterfaceOrientationLandscapeRight";
				INFOPLIST_KEY_UISupportedInterfaceOrientations_iPhone = "UIInterfaceOrientationPortrait UIInterfaceOrientationLandscapeLeft UIInterfaceOrientationLandscapeRight";
				LD_RUNPATH_SEARCH_PATHS = (
					"$(inherited)",
					"@executable_path/Frameworks",
				);
				MARKETING_VERSION = 1.0;
				PRODUCT_BUNDLE_IDENTIFIER = com.dodinoyo.RenaissanceProject;
				PRODUCT_NAME = "$(TARGET_NAME)";
				SWIFT_EMIT_LOC_STRINGS = YES;
				SWIFT_VERSION = 5.0;
				TARGETED_DEVICE_FAMILY = "1,2";
			};
			name = Debug;
		};
		3B31DF7E2C24CF6A00BF12F9 /* Release */ = {
			isa = XCBuildConfiguration;
			buildSettings = {
				ASSETCATALOG_COMPILER_APPICON_NAME = AppIcon;
				ASSETCATALOG_COMPILER_GLOBAL_ACCENT_COLOR_NAME = AccentColor;
				CODE_SIGN_STYLE = Automatic;
				CURRENT_PROJECT_VERSION = 1;
				DEVELOPMENT_TEAM = NGA2X6V298;
				GENERATE_INFOPLIST_FILE = YES;
				INFOPLIST_FILE = RenaissanceProject/Info.plist;
				INFOPLIST_KEY_UIApplicationSupportsIndirectInputEvents = YES;
				INFOPLIST_KEY_UILaunchStoryboardName = LaunchScreen;
				INFOPLIST_KEY_UISupportedInterfaceOrientations_iPad = "UIInterfaceOrientationPortrait UIInterfaceOrientationPortraitUpsideDown UIInterfaceOrientationLandscapeLeft UIInterfaceOrientationLandscapeRight";
				INFOPLIST_KEY_UISupportedInterfaceOrientations_iPhone = "UIInterfaceOrientationPortrait UIInterfaceOrientationLandscapeLeft UIInterfaceOrientationLandscapeRight";
				LD_RUNPATH_SEARCH_PATHS = (
					"$(inherited)",
					"@executable_path/Frameworks",
				);
				MARKETING_VERSION = 1.0;
				PRODUCT_BUNDLE_IDENTIFIER = com.dodinoyo.RenaissanceProject;
				PRODUCT_NAME = "$(TARGET_NAME)";
				SWIFT_EMIT_LOC_STRINGS = YES;
				SWIFT_VERSION = 5.0;
				TARGETED_DEVICE_FAMILY = "1,2";
			};
			name = Release;
		};
/* End XCBuildConfiguration section */

/* Begin XCConfigurationList section */
		3B31DF632C24CF6800BF12F9 /* Build configuration list for PBXProject "RenaissanceProject" */ = {
			isa = XCConfigurationList;
			buildConfigurations = (
				3B31DF7A2C24CF6A00BF12F9 /* Debug */,
				3B31DF7B2C24CF6A00BF12F9 /* Release */,
			);
			defaultConfigurationIsVisible = 0;
			defaultConfigurationName = Release;
		};
		3B31DF7C2C24CF6A00BF12F9 /* Build configuration list for PBXNativeTarget "RenaissanceProject" */ = {
			isa = XCConfigurationList;
			buildConfigurations = (
				3B31DF7D2C24CF6A00BF12F9 /* Debug */,
				3B31DF7E2C24CF6A00BF12F9 /* Release */,
			);
			defaultConfigurationIsVisible = 0;
			defaultConfigurationName = Release;
		};
/* End XCConfigurationList section */
	};
	rootObject = 3B31DF602C24CF6800BF12F9 /* Project object */;
}
